<?xml version="1.0" encoding="utf-8"?>
<Project ToolsVersion="4.0" xmlns="http://schemas.microsoft.com/developer/msbuild/2003">
  <ItemGroup>
    <Filter Include="Source Files">
      <UniqueIdentifier>{4FC737F1-C7A5-4376-A066-2A32D752A2FF}</UniqueIdentifier>
      <Extensions>cpp;c;cc;cxx;def;odl;idl;hpj;bat;asm;asmx</Extensions>
    </Filter>
    <Filter Include="Header Files">
      <UniqueIdentifier>{93995380-89BD-4b04-88EB-625FBE52EBFB}</UniqueIdentifier>
      <Extensions>h;hh;hpp;hxx;hm;inl;inc;xsd</Extensions>
    </Filter>
    <Filter Include="Resource Files">
      <UniqueIdentifier>{67DA6AB6-F800-4c08-8B7A-83BB121AAD01}</UniqueIdentifier>
      <Extensions>rc;ico;cur;bmp;dlg;rc2;rct;bin;rgs;gif;jpg;jpeg;jpe;resx;tiff;tif;png;wav;mfcribbon-ms</Extensions>
    </Filter>
    <Filter Include="Header Files\Language">
      <UniqueIdentifier>{176fdd85-88e8-4d73-921d-a34d7ca79d97}</UniqueIdentifier>
    </Filter>
    <Filter Include="Header Files\Language\Nouns">
      <UniqueIdentifier>{d3398216-0b67-4a65-adb8-bc0f448583b7}</UniqueIdentifier>
    </Filter>
    <Filter Include="Header Files\Language\Verbs">
      <UniqueIdentifier>{c0c68d15-8456-449d-93e5-6abd9cc94317}</UniqueIdentifier>
    </Filter>
    <Filter Include="Header Files\Language\Adjectives">
      <UniqueIdentifier>{727c5fc9-9ff8-4e44-bd58-b467b8b47a2b}</UniqueIdentifier>
    </Filter>
    <Filter Include="Header Files\Language\Adverbs">
      <UniqueIdentifier>{b70822ba-9ace-48ef-8831-62ec97487562}</UniqueIdentifier>
    </Filter>
    <Filter Include="Header Files\Language\Conjunctions">
      <UniqueIdentifier>{b2269a79-aac6-4bee-936e-1d8a79c2fbe2}</UniqueIdentifier>
    </Filter>
    <Filter Include="Header Files\Language\Interjections">
      <UniqueIdentifier>{26c1cbef-1e08-4ad3-9305-fe3a55741709}</UniqueIdentifier>
    </Filter>
    <Filter Include="Header Files\Language\Prepositions">
      <UniqueIdentifier>{36345ca2-9cb1-4259-a9aa-6b8c4d813dfe}</UniqueIdentifier>
    </Filter>
    <Filter Include="Header Files\Language\Pronouns">
      <UniqueIdentifier>{1a813aef-8e2a-4d88-b1ea-ea88147c445b}</UniqueIdentifier>
    </Filter>
    <Filter Include="Source Files\Language">
      <UniqueIdentifier>{d0dfecc1-c5a0-4381-ae90-cba103700d26}</UniqueIdentifier>
    </Filter>
    <Filter Include="Source Files\Language\Adjectives">
      <UniqueIdentifier>{d6118b26-6a9c-46e1-8caf-ab2c042800a1}</UniqueIdentifier>
    </Filter>
    <Filter Include="Source Files\Language\Adverbs">
      <UniqueIdentifier>{e3270aae-73e6-46d0-be1e-eaafa1be8dd2}</UniqueIdentifier>
    </Filter>
    <Filter Include="Source Files\Language\Conjunctions">
      <UniqueIdentifier>{8eddd496-a444-4c52-a7bc-a61e34269625}</UniqueIdentifier>
    </Filter>
    <Filter Include="Source Files\Language\Interjections">
      <UniqueIdentifier>{f540eb9d-3c2e-4921-b4de-f3f1dd4c5bb1}</UniqueIdentifier>
    </Filter>
    <Filter Include="Source Files\Language\Pronouns">
      <UniqueIdentifier>{761ee373-b8ee-499e-ac67-8bed1c07f5d9}</UniqueIdentifier>
    </Filter>
    <Filter Include="Source Files\Language\Prepositions">
      <UniqueIdentifier>{f25145fd-4b81-46cf-9abf-7d0d041c2a07}</UniqueIdentifier>
    </Filter>
    <Filter Include="Source Files\Language\Verbs">
      <UniqueIdentifier>{ead8fdf3-5e34-4608-99fd-33d8a499cdfa}</UniqueIdentifier>
    </Filter>
    <Filter Include="Source Files\Language\Nouns">
      <UniqueIdentifier>{7ee949e5-edab-4ed2-92e2-c8cf96b30af5}</UniqueIdentifier>
    </Filter>
    <Filter Include="Header Files\Memory">
      <UniqueIdentifier>{ccd92c36-c701-484a-acb8-9d687cc18e46}</UniqueIdentifier>
    </Filter>
    <Filter Include="Source Files\Memory">
      <UniqueIdentifier>{4c9ff585-2f79-4fa1-b986-909ce90bffb2}</UniqueIdentifier>
    </Filter>
    <Filter Include="Header Files\AI">
      <UniqueIdentifier>{a9f8e6cf-8db6-4096-b08e-2414cfd6d93f}</UniqueIdentifier>
    </Filter>
    <Filter Include="Source Files\AI">
      <UniqueIdentifier>{aabc6492-e430-42ae-b061-0cf7405e52d5}</UniqueIdentifier>
    </Filter>
    <Filter Include="Header Files\Memory\LongTermMemory">
      <UniqueIdentifier>{d07ab164-12a2-4049-85db-323e30d65018}</UniqueIdentifier>
    </Filter>
    <Filter Include="Source Files\Memory\LongTermMemory">
      <UniqueIdentifier>{6153c51b-5766-480e-9014-521b71ddb41e}</UniqueIdentifier>
    </Filter>
  </ItemGroup>
  <ItemGroup>
    <Text Include="ReadMe.txt" />
  </ItemGroup>
  <ItemGroup>
    <ClInclude Include="stdafx.h">
      <Filter>Header Files</Filter>
    </ClInclude>
    <ClInclude Include="targetver.h">
      <Filter>Header Files</Filter>
    </ClInclude>
    <ClInclude Include="Language\nouns.h">
      <Filter>Header Files\Language</Filter>
    </ClInclude>
    <ClInclude Include="Language\Nouns\abstract.h">
      <Filter>Header Files\Language\Nouns</Filter>
    </ClInclude>
    <ClInclude Include="Language\Nouns\collective.h">
      <Filter>Header Files\Language\Nouns</Filter>
    </ClInclude>
    <ClInclude Include="Language\Nouns\common.h">
      <Filter>Header Files\Language\Nouns</Filter>
    </ClInclude>
    <ClInclude Include="Language\Nouns\globalNouns.h">
      <Filter>Header Files\Language\Nouns</Filter>
    </ClInclude>
    <ClInclude Include="Language\Nouns\proper.h">
      <Filter>Header Files\Language\Nouns</Filter>
    </ClInclude>
    <ClInclude Include="Language\Verbs\action.h">
      <Filter>Header Files\Language\Verbs</Filter>
    </ClInclude>
    <ClInclude Include="Language\Verbs\auxiliary.h">
      <Filter>Header Files\Language\Verbs</Filter>
    </ClInclude>
    <ClInclude Include="Language\Verbs\stative.h">
      <Filter>Header Files\Language\Verbs</Filter>
    </ClInclude>
    <ClInclude Include="Language\Verbs\modal.h">
      <Filter>Header Files\Language\Verbs</Filter>
    </ClInclude>
    <ClInclude Include="Language\Verbs\phrasal.h">
      <Filter>Header Files\Language\Verbs</Filter>
    </ClInclude>
    <ClInclude Include="Language\Pronouns\personnal.h">
      <Filter>Header Files\Language\Pronouns</Filter>
    </ClInclude>
    <ClInclude Include="Language\Pronouns\reflexive.h">
      <Filter>Header Files\Language\Pronouns</Filter>
    </ClInclude>
    <ClInclude Include="Language\Pronouns\demonstrative.h">
      <Filter>Header Files\Language\Pronouns</Filter>
    </ClInclude>
    <ClInclude Include="Language\Pronouns\relative.h">
      <Filter>Header Files\Language\Pronouns</Filter>
    </ClInclude>
    <ClInclude Include="Language\Pronouns\reciprocal.h">
      <Filter>Header Files\Language\Pronouns</Filter>
    </ClInclude>
    <ClInclude Include="Language\Pronouns\intensive.h">
      <Filter>Header Files\Language\Pronouns</Filter>
    </ClInclude>
    <ClInclude Include="Language\Adjectives\article.h">
      <Filter>Header Files\Language\Adjectives</Filter>
    </ClInclude>
    <ClInclude Include="Language\Adjectives\coordinate.h">
      <Filter>Header Files\Language\Adjectives</Filter>
    </ClInclude>
    <ClInclude Include="Language\Adjectives\numbers.h">
      <Filter>Header Files\Language\Adjectives</Filter>
    </ClInclude>
    <ClInclude Include="Language\Adjectives\indefinite.h">
      <Filter>Header Files\Language\Adjectives</Filter>
    </ClInclude>
    <ClInclude Include="Language\Adjectives\attribute.h">
      <Filter>Header Files\Language\Adjectives</Filter>
    </ClInclude>
    <ClInclude Include="Language\Adverbs\frequency.h">
      <Filter>Header Files\Language\Adverbs</Filter>
    </ClInclude>
    <ClInclude Include="Language\Adverbs\time.h">
      <Filter>Header Files\Language\Adverbs</Filter>
    </ClInclude>
    <ClInclude Include="Language\Adverbs\degree.h">
      <Filter>Header Files\Language\Adverbs</Filter>
    </ClInclude>
    <ClInclude Include="Language\Adverbs\manner.h">
      <Filter>Header Files\Language\Adverbs</Filter>
    </ClInclude>
    <ClInclude Include="Language\Prepositions\timePreposition.h">
      <Filter>Header Files\Language\Prepositions</Filter>
    </ClInclude>
    <ClInclude Include="Language\Prepositions\direction.h">
      <Filter>Header Files\Language\Prepositions</Filter>
    </ClInclude>
    <ClInclude Include="Language\Conjunctions\subordinating.h">
      <Filter>Header Files\Language\Conjunctions</Filter>
    </ClInclude>
    <ClInclude Include="Language\Conjunctions\coordinating.h">
      <Filter>Header Files\Language\Conjunctions</Filter>
    </ClInclude>
    <ClInclude Include="Language\Conjunctions\correlative.h">
      <Filter>Header Files\Language\Conjunctions</Filter>
    </ClInclude>
    <ClInclude Include="Language\Interjections\greeting.h">
      <Filter>Header Files\Language\Interjections</Filter>
    </ClInclude>
    <ClInclude Include="Language\Interjections\joy.h">
      <Filter>Header Files\Language\Interjections</Filter>
    </ClInclude>
    <ClInclude Include="Language\Interjections\approval.H">
      <Filter>Header Files\Language\Interjections</Filter>
    </ClInclude>
    <ClInclude Include="Language\Interjections\attention.h">
      <Filter>Header Files\Language\Interjections</Filter>
    </ClInclude>
    <ClInclude Include="Language\Interjections\surprise.h">
      <Filter>Header Files\Language\Interjections</Filter>
    </ClInclude>
    <ClInclude Include="Language\Interjections\sorrow.h">
      <Filter>Header Files\Language\Interjections</Filter>
    </ClInclude>
    <ClInclude Include="Language\adjectives.h">
      <Filter>Header Files\Language</Filter>
    </ClInclude>
    <ClInclude Include="Language\adverbs.h">
      <Filter>Header Files\Language</Filter>
    </ClInclude>
    <ClInclude Include="Language\conjunctions.h">
      <Filter>Header Files\Language</Filter>
    </ClInclude>
    <ClInclude Include="Language\interjections.h">
      <Filter>Header Files\Language</Filter>
    </ClInclude>
    <ClInclude Include="Language\pronouns.h">
      <Filter>Header Files\Language</Filter>
    </ClInclude>
    <ClInclude Include="Language\prepositions.h">
      <Filter>Header Files\Language</Filter>
    </ClInclude>
    <ClInclude Include="Language\verbs.h">
      <Filter>Header Files\Language</Filter>
    </ClInclude>
    <ClInclude Include="AI\ai.h">
      <Filter>Header Files\AI</Filter>
    </ClInclude>
    <ClInclude Include="Language\Pronouns\possessive.h">
      <Filter>Header Files\Language\Pronouns</Filter>
    </ClInclude>
    <ClInclude Include="Language\Adjectives\possessiveAdjectives.h">
      <Filter>Header Files\Language\Adjectives</Filter>
    </ClInclude>
    <ClInclude Include="Language\Adverbs\placeAdverbs.h">
      <Filter>Header Files\Language\Adverbs</Filter>
    </ClInclude>
    <ClInclude Include="Language\Prepositions\placePreposition.h">
      <Filter>Header Files\Language\Prepositions</Filter>
    </ClInclude>
    <ClInclude Include="Language\Adjectives\interrogativeAdjectives.h">
      <Filter>Header Files\Language\Adjectives</Filter>
    </ClInclude>
    <ClInclude Include="Language\Pronouns\interrogativePronouns.h">
      <Filter>Header Files\Language\Pronouns</Filter>
    </ClInclude>
    <ClInclude Include="Language\Pronouns\indefinitePronouns.h">
      <Filter>Header Files\Language\Pronouns</Filter>
    </ClInclude>
    <ClInclude Include="Language\Adjectives\demonstrativeAdjectives.h">
      <Filter>Header Files\Language\Adjectives</Filter>
    </ClInclude>
    <ClInclude Include="Memory\LongTermMemory\longTermMemory.h">
      <Filter>Header Files\Memory\LongTermMemory</Filter>
    </ClInclude>
    <ClInclude Include="Memory\LongTermMemory\explicitMemory.h">
      <Filter>Header Files\Memory\LongTermMemory</Filter>
    </ClInclude>
    <ClInclude Include="Memory\LongTermMemory\declarativeMemory.h">
      <Filter>Header Files\Memory\LongTermMemory</Filter>
    </ClInclude>
    <ClInclude Include="Memory\LongTermMemory\episodicMemory.h">
      <Filter>Header Files\Memory\LongTermMemory</Filter>
    </ClInclude>
    <ClInclude Include="Memory\LongTermMemory\semanticMemory.h">
      <Filter>Header Files\Memory\LongTermMemory</Filter>
    </ClInclude>
    <ClInclude Include="Language\Adverbs\conjunctive.h">
      <Filter>Header Files\Language\Adverbs</Filter>
    </ClInclude>
  </ItemGroup>
  <ItemGroup>
    <ClCompile Include="stdafx.cpp">
      <Filter>Source Files</Filter>
    </ClCompile>
    <ClCompile Include="AIv3.0.cpp">
      <Filter>Source Files</Filter>
    </ClCompile>
    <ClCompile Include="Language\Verbs\action.cpp">
      <Filter>Source Files\Language\Verbs</Filter>
    </ClCompile>
    <ClCompile Include="Language\Verbs\auxiliary.cpp">
      <Filter>Source Files\Language\Verbs</Filter>
    </ClCompile>
    <ClCompile Include="Language\Verbs\modal.cpp">
      <Filter>Source Files\Language\Verbs</Filter>
    </ClCompile>
    <ClCompile Include="Language\Verbs\phrasal.cpp">
      <Filter>Source Files\Language\Verbs</Filter>
    </ClCompile>
    <ClCompile Include="Language\Verbs\stative.cpp">
      <Filter>Source Files\Language\Verbs</Filter>
    </ClCompile>
    <ClCompile Include="Language\Nouns\common.cpp">
      <Filter>Source Files\Language\Nouns</Filter>
    </ClCompile>
    <ClCompile Include="Language\Pronouns\personnal.cpp">
      <Filter>Source Files\Language\Pronouns</Filter>
    </ClCompile>
    <ClCompile Include="Language\Pronouns\possessive.cpp">
      <Filter>Source Files\Language\Pronouns</Filter>
    </ClCompile>
    <ClCompile Include="AI\ai.cpp">
      <Filter>Source Files\AI</Filter>
    </ClCompile>
    <ClCompile Include="Language\nouns.cpp">
      <Filter>Source Files\Language</Filter>
    </ClCompile>
    <ClCompile Include="Language\pronouns.cpp">
      <Filter>Source Files\Language</Filter>
    </ClCompile>
    <ClCompile Include="Language\verbs.cpp">
      <Filter>Source Files\Language</Filter>
    </ClCompile>
    <ClCompile Include="Language\adjectives.cpp">
      <Filter>Source Files\Language</Filter>
    </ClCompile>
    <ClCompile Include="Language\Adjectives\numbers.cpp">
      <Filter>Source Files\Language\Adjectives</Filter>
    </ClCompile>
    <ClCompile Include="Language\Adjectives\indefinite.cpp">
      <Filter>Source Files\Language\Adjectives</Filter>
    </ClCompile>
    <ClCompile Include="Language\Adjectives\coordinate.cpp">
      <Filter>Source Files\Language\Adjectives</Filter>
    </ClCompile>
    <ClCompile Include="Language\Adjectives\attribute.cpp">
      <Filter>Source Files\Language\Adjectives</Filter>
    </ClCompile>
    <ClCompile Include="Language\Adjectives\article.cpp">
      <Filter>Source Files\Language\Adjectives</Filter>
    </ClCompile>
    <ClCompile Include="Language\Adverbs\degree.cpp">
      <Filter>Source Files\Language\Adverbs</Filter>
    </ClCompile>
    <ClCompile Include="Language\Adverbs\frequency.cpp">
      <Filter>Source Files\Language\Adverbs</Filter>
    </ClCompile>
    <ClCompile Include="Language\Adverbs\manner.cpp">
      <Filter>Source Files\Language\Adverbs</Filter>
    </ClCompile>
    <ClCompile Include="Language\Adverbs\time.cpp">
      <Filter>Source Files\Language\Adverbs</Filter>
    </ClCompile>
    <ClCompile Include="Language\Conjunctions\coordinating.cpp">
      <Filter>Source Files\Language\Conjunctions</Filter>
    </ClCompile>
    <ClCompile Include="Language\Conjunctions\correlative.cpp">
      <Filter>Source Files\Language\Conjunctions</Filter>
    </ClCompile>
    <ClCompile Include="Language\Conjunctions\subordinating.cpp">
      <Filter>Source Files\Language\Conjunctions</Filter>
    </ClCompile>
    <ClCompile Include="Language\Interjections\approval.cpp">
      <Filter>Source Files\Language\Interjections</Filter>
    </ClCompile>
    <ClCompile Include="Language\Interjections\attention.cpp">
      <Filter>Source Files\Language\Interjections</Filter>
    </ClCompile>
    <ClCompile Include="Language\Interjections\greeting.cpp">
      <Filter>Source Files\Language\Interjections</Filter>
    </ClCompile>
    <ClCompile Include="Language\Interjections\joy.cpp">
      <Filter>Source Files\Language\Interjections</Filter>
    </ClCompile>
    <ClCompile Include="Language\Interjections\sorrow.cpp">
      <Filter>Source Files\Language\Interjections</Filter>
    </ClCompile>
    <ClCompile Include="Language\Interjections\surprise.cpp">
      <Filter>Source Files\Language\Interjections</Filter>
    </ClCompile>
    <ClCompile Include="Language\Nouns\abstract.cpp">
      <Filter>Source Files\Language\Nouns</Filter>
    </ClCompile>
    <ClCompile Include="Language\Nouns\collective.cpp">
      <Filter>Source Files\Language\Nouns</Filter>
    </ClCompile>
    <ClCompile Include="Language\Nouns\proper.cpp">
      <Filter>Source Files\Language\Nouns</Filter>
    </ClCompile>
    <ClCompile Include="Language\Prepositions\direction.cpp">
      <Filter>Source Files\Language\Prepositions</Filter>
    </ClCompile>
    <ClCompile Include="Language\Prepositions\timePreposition.cpp">
      <Filter>Source Files\Language\Prepositions</Filter>
    </ClCompile>
    <ClCompile Include="Language\Pronouns\relative.cpp">
      <Filter>Source Files\Language\Pronouns</Filter>
    </ClCompile>
    <ClCompile Include="Language\Pronouns\reflexive.cpp">
      <Filter>Source Files\Language\Pronouns</Filter>
    </ClCompile>
    <ClCompile Include="Language\Pronouns\reciprocal.cpp">
      <Filter>Source Files\Language\Pronouns</Filter>
    </ClCompile>
    <ClCompile Include="Language\Pronouns\intensive.cpp">
      <Filter>Source Files\Language\Pronouns</Filter>
    </ClCompile>
    <ClCompile Include="Language\Pronouns\demonstrative.cpp">
      <Filter>Source Files\Language\Pronouns</Filter>
    </ClCompile>
    <ClCompile Include="Language\adverbs.cpp">
      <Filter>Source Files\Language</Filter>
    </ClCompile>
    <ClCompile Include="Language\conjunctions.cpp">
      <Filter>Source Files\Language</Filter>
    </ClCompile>
    <ClCompile Include="Language\interjections.cpp">
      <Filter>Source Files\Language</Filter>
    </ClCompile>
    <ClCompile Include="Language\prepositions.cpp">
      <Filter>Source Files\Language</Filter>
    </ClCompile>
    <ClCompile Include="Language\Adjectives\possessiveAdjectives.cpp">
      <Filter>Source Files\Language\Adjectives</Filter>
    </ClCompile>
    <ClCompile Include="Language\Adverbs\placeAdverbs.cpp">
      <Filter>Source Files\Language\Adverbs</Filter>
    </ClCompile>
    <ClCompile Include="Language\Prepositions\placePreposition.cpp">
      <Filter>Source Files\Language\Prepositions</Filter>
    </ClCompile>
    <ClCompile Include="Language\Adjectives\interrogativeAdjectives.cpp">
      <Filter>Source Files\Language\Adjectives</Filter>
    </ClCompile>
    <ClCompile Include="Language\Pronouns\interrogativePronouns.cpp">
      <Filter>Source Files\Language\Pronouns</Filter>
    </ClCompile>
    <ClCompile Include="Language\Pronouns\indefinitePronouns.cpp">
      <Filter>Source Files\Language\Pronouns</Filter>
    </ClCompile>
    <ClCompile Include="Language\Adjectives\demonstrativeAdjectives.cpp">
      <Filter>Source Files\Language\Adjectives</Filter>
    </ClCompile>
    <ClCompile Include="Memory\LongTermMemory\semanticMemory.cpp">
      <Filter>Source Files\Memory\LongTermMemory</Filter>
    </ClCompile>
    <ClCompile Include="Memory\LongTermMemory\longTermMemory.cpp">
      <Filter>Source Files\Memory\LongTermMemory</Filter>
    </ClCompile>
    <ClCompile Include="Memory\LongTermMemory\explicitMemory.cpp">
      <Filter>Source Files\Memory\LongTermMemory</Filter>
    </ClCompile>
    <ClCompile Include="Memory\LongTermMemory\episodicMemory.cpp">
      <Filter>Source Files\Memory\LongTermMemory</Filter>
    </ClCompile>
    <ClCompile Include="Memory\LongTermMemory\declarativeMemory.cpp">
      <Filter>Source Files\Memory\LongTermMemory</Filter>
    </ClCompile>
    <ClCompile Include="Language\Adverbs\conjunctive.cpp">
      <Filter>Source Files\Language\Adverbs</Filter>
    </ClCompile>
  </ItemGroup>
</Project>