<?xml version="1.0" encoding="utf-8"?>
<Project ToolsVersion="4.0" xmlns="http://schemas.microsoft.com/developer/msbuild/2003">
  <ItemGroup>
    <Filter Include="Fichiers sources">
      <UniqueIdentifier>{4FC737F1-C7A5-4376-A066-2A32D752A2FF}</UniqueIdentifier>
      <Extensions>cpp;c;cc;cxx;def;odl;idl;hpj;bat;asm;asmx</Extensions>
    </Filter>
    <Filter Include="Fichiers d%27en-tête">
      <UniqueIdentifier>{93995380-89BD-4b04-88EB-625FBE52EBFB}</UniqueIdentifier>
      <Extensions>h;hh;hpp;hxx;hm;inl;inc;xsd</Extensions>
    </Filter>
    <Filter Include="Fichiers de ressources">
      <UniqueIdentifier>{67DA6AB6-F800-4c08-8B7A-83BB121AAD01}</UniqueIdentifier>
      <Extensions>rc;ico;cur;bmp;dlg;rc2;rct;bin;rgs;gif;jpg;jpeg;jpe;resx;tiff;tif;png;wav;mfcribbon-ms</Extensions>
    </Filter>
    <Filter Include="Fichiers d%27en-tête\Language">
      <UniqueIdentifier>{715ea023-599b-4a5c-9553-30e582f66253}</UniqueIdentifier>
    </Filter>
    <Filter Include="Fichiers d%27en-tête\Language\Grammar">
      <UniqueIdentifier>{6d8b0f6a-846c-4565-ae81-daafada193d5}</UniqueIdentifier>
    </Filter>
    <Filter Include="Fichiers d%27en-tête\Language\Grammar\Pronouns">
      <UniqueIdentifier>{b243a538-2945-4178-b5f8-e7bf398a810a}</UniqueIdentifier>
    </Filter>
    <Filter Include="Fichiers d%27en-tête\Language\Grammar\Determiners">
      <UniqueIdentifier>{e6618741-0f4e-4ec7-9c0c-a443e6331c65}</UniqueIdentifier>
    </Filter>
    <Filter Include="Fichiers d%27en-tête\Language\Grammar\Quantifiers">
      <UniqueIdentifier>{956728e7-3fc6-41b1-92a3-143b195340a9}</UniqueIdentifier>
    </Filter>
    <Filter Include="Fichiers d%27en-tête\Language\Grammar\Adjectives">
      <UniqueIdentifier>{82357542-10d2-4047-959c-6d234bea2dc5}</UniqueIdentifier>
    </Filter>
    <Filter Include="Fichiers d%27en-tête\Language\Grammar\Adverbs">
      <UniqueIdentifier>{2b7a4b05-04b3-4e79-b00e-c1111345c53b}</UniqueIdentifier>
    </Filter>
    <Filter Include="Fichiers d%27en-tête\Language\Grammar\Nouns">
      <UniqueIdentifier>{b5b718b1-6044-4830-9354-f9dde844186a}</UniqueIdentifier>
    </Filter>
    <Filter Include="Fichiers d%27en-tête\Language\Grammar\Verbs">
      <UniqueIdentifier>{d06065f1-ad32-4d36-ac97-59f0a03f6ed2}</UniqueIdentifier>
    </Filter>
    <Filter Include="Fichiers sources\Language">
      <UniqueIdentifier>{e1bd01ec-daec-4a83-af25-974927caa170}</UniqueIdentifier>
    </Filter>
    <Filter Include="Fichiers sources\Language\Grammar">
      <UniqueIdentifier>{002d2908-a56f-4bc4-b78f-f38fb6514a6d}</UniqueIdentifier>
    </Filter>
    <Filter Include="Fichiers sources\Language\Grammar\Pronouns">
      <UniqueIdentifier>{189a262f-ac02-4f39-a3c6-e204086653ac}</UniqueIdentifier>
    </Filter>
    <Filter Include="Fichiers sources\Language\Grammar\Verbs">
      <UniqueIdentifier>{b5458c5b-b82a-4baf-a97c-b589723c1eae}</UniqueIdentifier>
    </Filter>
  </ItemGroup>
  <ItemGroup>
    <Text Include="ReadMe.txt" />
  </ItemGroup>
  <ItemGroup>
    <ClInclude Include="stdafx.h">
      <Filter>Fichiers d%27en-tête</Filter>
    </ClInclude>
    <ClInclude Include="targetver.h">
      <Filter>Fichiers d%27en-tête</Filter>
    </ClInclude>
    <ClInclude Include="Language\Grammar\Pronouns\personnal_Pronouns.h">
      <Filter>Fichiers d%27en-tête\Language\Grammar\Pronouns</Filter>
    </ClInclude>
    <ClInclude Include="Language\Grammar\Pronouns\It_There_Pronouns.h">
      <Filter>Fichiers d%27en-tête\Language\Grammar\Pronouns</Filter>
    </ClInclude>
    <ClInclude Include="Language\Grammar\Pronouns\You_They_Pronouns.h">
      <Filter>Fichiers d%27en-tête\Language\Grammar\Pronouns</Filter>
    </ClInclude>
    <ClInclude Include="Language\Grammar\Pronouns\possessive_Pronouns.h">
      <Filter>Fichiers d%27en-tête\Language\Grammar\Pronouns</Filter>
    </ClInclude>
    <ClInclude Include="Language\Grammar\Pronouns\One_Ones_Pronouns.h">
      <Filter>Fichiers d%27en-tête\Language\Grammar\Pronouns</Filter>
    </ClInclude>
    <ClInclude Include="Language\Grammar\Pronouns\question_Pronouns.h">
      <Filter>Fichiers d%27en-tête\Language\Grammar\Pronouns</Filter>
    </ClInclude>
    <ClInclude Include="Language\Grammar\Pronouns\reflexive_Pronouns.h">
      <Filter>Fichiers d%27en-tête\Language\Grammar\Pronouns</Filter>
    </ClInclude>
    <ClInclude Include="Language\Grammar\Pronouns\reciprocal_Pronouns.h">
      <Filter>Fichiers d%27en-tête\Language\Grammar\Pronouns</Filter>
    </ClInclude>
    <ClInclude Include="Language\Grammar\Pronouns\relative_Pronouns.h">
      <Filter>Fichiers d%27en-tête\Language\Grammar\Pronouns</Filter>
    </ClInclude>
    <ClInclude Include="Language\Grammar\Pronouns\This_That_Pronouns.h">
      <Filter>Fichiers d%27en-tête\Language\Grammar\Pronouns</Filter>
    </ClInclude>
    <ClInclude Include="Language\Grammar\Pronouns\indefinite_Pronouns.h">
      <Filter>Fichiers d%27en-tête\Language\Grammar\Pronouns</Filter>
    </ClInclude>
    <ClInclude Include="Language\Grammar\Pronouns\indefinite_Pronouns_Collection.h">
      <Filter>Fichiers d%27en-tête\Language\Grammar\Pronouns</Filter>
    </ClInclude>
    <ClInclude Include="Language\Grammar\Pronouns\It_There_Pronouns_Collection.h">
      <Filter>Fichiers d%27en-tête\Language\Grammar\Pronouns</Filter>
    </ClInclude>
    <ClInclude Include="Language\Grammar\Pronouns\One_Ones_Pronouns_Collection.h">
      <Filter>Fichiers d%27en-tête\Language\Grammar\Pronouns</Filter>
    </ClInclude>
    <ClInclude Include="Language\Grammar\Pronouns\personnal_Pronouns_Collection.h">
      <Filter>Fichiers d%27en-tête\Language\Grammar\Pronouns</Filter>
    </ClInclude>
    <ClInclude Include="Language\Grammar\Pronouns\possessive_Pronouns_Collection.h">
      <Filter>Fichiers d%27en-tête\Language\Grammar\Pronouns</Filter>
    </ClInclude>
    <ClInclude Include="Language\Grammar\Pronouns\question_Pronouns_Collection.h">
      <Filter>Fichiers d%27en-tête\Language\Grammar\Pronouns</Filter>
    </ClInclude>
    <ClInclude Include="Language\Grammar\Pronouns\reciprocal_Pronouns_Collection.h">
      <Filter>Fichiers d%27en-tête\Language\Grammar\Pronouns</Filter>
    </ClInclude>
    <ClInclude Include="Language\Grammar\Pronouns\reflexive_Pronouns_Collection.h">
      <Filter>Fichiers d%27en-tête\Language\Grammar\Pronouns</Filter>
    </ClInclude>
    <ClInclude Include="Language\Grammar\Pronouns\Pronouns.h">
      <Filter>Fichiers d%27en-tête\Language\Grammar\Pronouns</Filter>
    </ClInclude>
    <ClInclude Include="Language\Grammar\Pronouns\Pronouns_Collection.h">
      <Filter>Fichiers d%27en-tête\Language\Grammar\Pronouns</Filter>
    </ClInclude>
    <ClInclude Include="Language\Grammar\Pronouns\relative_Pronouns_Collection.h">
      <Filter>Fichiers d%27en-tête\Language\Grammar\Pronouns</Filter>
    </ClInclude>
    <ClInclude Include="Language\Grammar\Pronouns\This_That_Pronouns_Collection.h">
      <Filter>Fichiers d%27en-tête\Language\Grammar\Pronouns</Filter>
    </ClInclude>
    <ClInclude Include="Language\Grammar\Pronouns\You_They_Pronouns_Collection.h">
      <Filter>Fichiers d%27en-tête\Language\Grammar\Pronouns</Filter>
    </ClInclude>
    <ClInclude Include="Language\Grammar\Verbs\be_Verb.h">
      <Filter>Fichiers d%27en-tête\Language\Grammar\Verbs</Filter>
    </ClInclude>
    <ClInclude Include="Language\Grammar\Verbs\Verbs.h">
      <Filter>Fichiers d%27en-tête\Language\Grammar\Verbs</Filter>
    </ClInclude>
  </ItemGroup>
  <ItemGroup>
    <ClCompile Include="stdafx.cpp">
      <Filter>Fichiers sources</Filter>
    </ClCompile>
    <ClCompile Include="AIV0.0.0.cpp">
      <Filter>Fichiers sources</Filter>
    </ClCompile>
    <ClCompile Include="Language\Grammar\Pronouns\indefinite_Pronouns.cpp">
      <Filter>Fichiers sources\Language\Grammar\Pronouns</Filter>
    </ClCompile>
    <ClCompile Include="Language\Grammar\Pronouns\indefinite_Pronouns_Collection.cpp">
      <Filter>Fichiers sources\Language\Grammar\Pronouns</Filter>
    </ClCompile>
    <ClCompile Include="Language\Grammar\Pronouns\It_There_Pronouns.cpp">
      <Filter>Fichiers sources\Language\Grammar\Pronouns</Filter>
    </ClCompile>
    <ClCompile Include="Language\Grammar\Pronouns\It_There_Pronouns_Collection.cpp">
      <Filter>Fichiers sources\Language\Grammar\Pronouns</Filter>
    </ClCompile>
    <ClCompile Include="Language\Grammar\Pronouns\One_Ones_Pronouns.cpp">
      <Filter>Fichiers sources\Language\Grammar\Pronouns</Filter>
    </ClCompile>
    <ClCompile Include="Language\Grammar\Pronouns\One_Ones_Pronouns_Collection.cpp">
      <Filter>Fichiers sources\Language\Grammar\Pronouns</Filter>
    </ClCompile>
    <ClCompile Include="Language\Grammar\Pronouns\personnal_Pronouns.cpp">
      <Filter>Fichiers sources\Language\Grammar\Pronouns</Filter>
    </ClCompile>
    <ClCompile Include="Language\Grammar\Pronouns\personnal_Pronouns_Collection.cpp">
      <Filter>Fichiers sources\Language\Grammar\Pronouns</Filter>
    </ClCompile>
    <ClCompile Include="Language\Grammar\Pronouns\possessive_Pronouns.cpp">
      <Filter>Fichiers sources\Language\Grammar\Pronouns</Filter>
    </ClCompile>
    <ClCompile Include="Language\Grammar\Pronouns\possessive_Pronouns_Collection.cpp">
      <Filter>Fichiers sources\Language\Grammar\Pronouns</Filter>
    </ClCompile>
    <ClCompile Include="Language\Grammar\Pronouns\question_Pronouns.cpp">
      <Filter>Fichiers sources\Language\Grammar\Pronouns</Filter>
    </ClCompile>
    <ClCompile Include="Language\Grammar\Pronouns\question_Pronouns_Collection.cpp">
      <Filter>Fichiers sources\Language\Grammar\Pronouns</Filter>
    </ClCompile>
    <ClCompile Include="Language\Grammar\Pronouns\reciprocal_Pronouns.cpp">
      <Filter>Fichiers sources\Language\Grammar\Pronouns</Filter>
    </ClCompile>
    <ClCompile Include="Language\Grammar\Pronouns\reciprocal_Pronouns_Collection.cpp">
      <Filter>Fichiers sources\Language\Grammar\Pronouns</Filter>
    </ClCompile>
    <ClCompile Include="Language\Grammar\Pronouns\reflexive_Pronouns.cpp">
      <Filter>Fichiers sources\Language\Grammar\Pronouns</Filter>
    </ClCompile>
    <ClCompile Include="Language\Grammar\Pronouns\reflexive_Pronouns_Collection.cpp">
      <Filter>Fichiers sources\Language\Grammar\Pronouns</Filter>
    </ClCompile>
    <ClCompile Include="Language\Grammar\Pronouns\Pronouns.cpp">
      <Filter>Fichiers sources\Language\Grammar\Pronouns</Filter>
    </ClCompile>
    <ClCompile Include="Language\Grammar\Pronouns\relative_Pronouns.cpp">
      <Filter>Fichiers sources\Language\Grammar\Pronouns</Filter>
    </ClCompile>
    <ClCompile Include="Language\Grammar\Pronouns\Pronouns_Collection.cpp">
      <Filter>Fichiers sources\Language\Grammar\Pronouns</Filter>
    </ClCompile>
    <ClCompile Include="Language\Grammar\Pronouns\relative_Pronouns_Collection.cpp">
      <Filter>Fichiers sources\Language\Grammar\Pronouns</Filter>
    </ClCompile>
    <ClCompile Include="Language\Grammar\Pronouns\This_That_Pronouns.cpp">
      <Filter>Fichiers sources\Language\Grammar\Pronouns</Filter>
    </ClCompile>
    <ClCompile Include="Language\Grammar\Pronouns\You_They_Pronouns.cpp">
      <Filter>Fichiers sources\Language\Grammar\Pronouns</Filter>
    </ClCompile>
    <ClCompile Include="Language\Grammar\Pronouns\This_That_Pronouns_Collection.cpp">
      <Filter>Fichiers sources\Language\Grammar\Pronouns</Filter>
    </ClCompile>
    <ClCompile Include="Language\Grammar\Pronouns\You_They_Pronouns_Collection.cpp">
      <Filter>Fichiers sources\Language\Grammar\Pronouns</Filter>
    </ClCompile>
    <ClCompile Include="Language\Grammar\Verbs\be_Verb.cpp">
      <Filter>Fichiers sources\Language\Grammar\Verbs</Filter>
    </ClCompile>
    <ClCompile Include="Language\Grammar\Verbs\Verbs.cpp">
      <Filter>Fichiers sources\Language\Grammar\Verbs</Filter>
    </ClCompile>
  </ItemGroup>
</Project>